
Microsoft Visual Studio Solution File, Format Version 12.00
# Visual Studio Version 17
VisualStudioVersion = 17.11.35312.102
MinimumVisualStudioVersion = 10.0.40219.1
Project("{FAE04EC0-301F-11D3-BF4B-00C04F79EFBC}") = "Cursusgeld", "Cursusgeld\Cursusgeld.csproj", "{7488091B-18DB-4CB2-86F3-6405EFBDC50C}"
EndProject
Global
	GlobalSection(SolutionConfigurationPlatforms) = preSolution
		Debug|Any CPU = Debug|Any CPU
		Release|Any CPU = Release|Any CPU
	EndGlobalSection
	GlobalSection(ProjectConfigurationPlatforms) = postSolution
		{7488091B-18DB-4CB2-86F3-6405EFBDC50C}.Debug|Any CPU.ActiveCfg = Debug|Any CPU
		{7488091B-18DB-4CB2-86F3-6405EFBDC50C}.Debug|Any CPU.Build.0 = Debug|Any CPU
		{7488091B-18DB-4CB2-86F3-6405EFBDC50C}.Release|Any CPU.ActiveCfg = Release|Any CPU
		{7488091B-18DB-4CB2-86F3-6405EFBDC50C}.Release|Any CPU.Build.0 = Release|Any CPU
	EndGlobalSection
	GlobalSection(SolutionProperties) = preSolution
		HideSolutionNode = FALSE
	EndGlobalSection
	GlobalSection(ExtensibilityGlobals) = postSolution
		SolutionGuid = {95579F45-5AB2-40D1-BD07-F9DBC532812C}
	EndGlobalSection
EndGlobal
